// !$*UTF8*$!
{
	archiveVersion = 1;
	classes = {
	};
	objectVersion = 48;
	objects = {

/* Begin PBXBuildFile section */
		50BB988FB19BC446241FE314 /* Pods_Independent_Study_App.framework in Frameworks */ = {isa = PBXBuildFile; fileRef = FFE2C27CFA1752C27ECF6C13 /* Pods_Independent_Study_App.framework */; };
		D913A4C91FFD27150030D1D6 /* DataExample.swift in Sources */ = {isa = PBXBuildFile; fileRef = D913A4C81FFD27150030D1D6 /* DataExample.swift */; };
		D92D202D1FE9A3160019F9BD /* UserDatasourceController.swift in Sources */ = {isa = PBXBuildFile; fileRef = D92D202C1FE9A3160019F9BD /* UserDatasourceController.swift */; };
		D92D202F1FE9A32B0019F9BD /* UserDatasource.swift in Sources */ = {isa = PBXBuildFile; fileRef = D92D202E1FE9A32B0019F9BD /* UserDatasource.swift */; };
		D92D20321FEAA5540019F9BD /* Util.swift in Sources */ = {isa = PBXBuildFile; fileRef = D92D20311FEAA5540019F9BD /* Util.swift */; };
		D93011EA1FD5930000A0BCD9 /* AppDelegate.swift in Sources */ = {isa = PBXBuildFile; fileRef = D93011E91FD5930000A0BCD9 /* AppDelegate.swift */; };
		D93011F41FD5930000A0BCD9 /* Assets.xcassets in Resources */ = {isa = PBXBuildFile; fileRef = D93011F31FD5930000A0BCD9 /* Assets.xcassets */; };
		D94A546E1FED835E00E50A2C /* SearchDatasourceController.swift in Sources */ = {isa = PBXBuildFile; fileRef = D94A546D1FED835E00E50A2C /* SearchDatasourceController.swift */; };
		D94A54701FED837200E50A2C /* SearchDatasource.swift in Sources */ = {isa = PBXBuildFile; fileRef = D94A546F1FED837200E50A2C /* SearchDatasource.swift */; };
		D94A54721FED839400E50A2C /* SearchCell.swift in Sources */ = {isa = PBXBuildFile; fileRef = D94A54711FED839400E50A2C /* SearchCell.swift */; };
		D94A54741FED83A500E50A2C /* SearchHeaderCell.swift in Sources */ = {isa = PBXBuildFile; fileRef = D94A54731FED83A500E50A2C /* SearchHeaderCell.swift */; };
		D94A54761FED83CD00E50A2C /* SearchFooterCell.swift in Sources */ = {isa = PBXBuildFile; fileRef = D94A54751FED83CD00E50A2C /* SearchFooterCell.swift */; };
		D94A54781FED844A00E50A2C /* CreatePostCell.swift in Sources */ = {isa = PBXBuildFile; fileRef = D94A54771FED844A00E50A2C /* CreatePostCell.swift */; };
		D94A547A1FED846300E50A2C /* CreatePostHeaderCell.swift in Sources */ = {isa = PBXBuildFile; fileRef = D94A54791FED846300E50A2C /* CreatePostHeaderCell.swift */; };
		D94A547C1FED847A00E50A2C /* CreatePostFooterCell.swift in Sources */ = {isa = PBXBuildFile; fileRef = D94A547B1FED847A00E50A2C /* CreatePostFooterCell.swift */; };
		D94A547E1FED849400E50A2C /* CreatePostDatasource.swift in Sources */ = {isa = PBXBuildFile; fileRef = D94A547D1FED849400E50A2C /* CreatePostDatasource.swift */; };
		D94A54801FED84BB00E50A2C /* CreatePostDatasourceController.swift in Sources */ = {isa = PBXBuildFile; fileRef = D94A547F1FED84BB00E50A2C /* CreatePostDatasourceController.swift */; };
		D94A54821FED850400E50A2C /* ProfileCell.swift in Sources */ = {isa = PBXBuildFile; fileRef = D94A54811FED850400E50A2C /* ProfileCell.swift */; };
		D94A54841FED851200E50A2C /* ProfileHeaderCell.swift in Sources */ = {isa = PBXBuildFile; fileRef = D94A54831FED851200E50A2C /* ProfileHeaderCell.swift */; };
		D94A54861FED852600E50A2C /* ProfileFooterCell.swift in Sources */ = {isa = PBXBuildFile; fileRef = D94A54851FED852600E50A2C /* ProfileFooterCell.swift */; };
		D94A54881FED853800E50A2C /* ProfileDatasource.swift in Sources */ = {isa = PBXBuildFile; fileRef = D94A54871FED853800E50A2C /* ProfileDatasource.swift */; };
		D94A548A1FED855700E50A2C /* ProfileDatasourceController.swift in Sources */ = {isa = PBXBuildFile; fileRef = D94A54891FED855700E50A2C /* ProfileDatasourceController.swift */; };
		D95947AA1FE9697400F85F3F /* Post.swift in Sources */ = {isa = PBXBuildFile; fileRef = D95947A91FE9697400F85F3F /* Post.swift */; };
		D95947AC1FE9698000F85F3F /* User.swift in Sources */ = {isa = PBXBuildFile; fileRef = D95947AB1FE9698000F85F3F /* User.swift */; };
		D9658B3B1FE809C300239CD9 /* HomeDatasource.swift in Sources */ = {isa = PBXBuildFile; fileRef = D9658B3A1FE809C300239CD9 /* HomeDatasource.swift */; };
		D9B6C2891FE1D710002E82EC /* Launch Screen.storyboard in Resources */ = {isa = PBXBuildFile; fileRef = D9B6C2881FE1D710002E82EC /* Launch Screen.storyboard */; };
		D9C178A81FE1971F000EB594 /* HomeDatasourceController.swift in Sources */ = {isa = PBXBuildFile; fileRef = D9C178A71FE1971F000EB594 /* HomeDatasourceController.swift */; };
		D9CEF9621FEAB14E0040FA7F /* PostCell.swift in Sources */ = {isa = PBXBuildFile; fileRef = D9CEF9611FEAB14E0040FA7F /* PostCell.swift */; };
		D9CEF9641FEAB15E0040FA7F /* HomeHeaderCell.swift in Sources */ = {isa = PBXBuildFile; fileRef = D9CEF9631FEAB15E0040FA7F /* HomeHeaderCell.swift */; };
		D9CEF9661FEAB16A0040FA7F /* HomeFooterCell.swift in Sources */ = {isa = PBXBuildFile; fileRef = D9CEF9651FEAB16A0040FA7F /* HomeFooterCell.swift */; };
		D9CEF9681FEAB2250040FA7F /* UserCell.swift in Sources */ = {isa = PBXBuildFile; fileRef = D9CEF9671FEAB2250040FA7F /* UserCell.swift */; };
		D9CEF96A1FEAB23A0040FA7F /* UserHeaderCell.swift in Sources */ = {isa = PBXBuildFile; fileRef = D9CEF9691FEAB23A0040FA7F /* UserHeaderCell.swift */; };
		D9CEF96C1FEAB24D0040FA7F /* UserFooterCell.swift in Sources */ = {isa = PBXBuildFile; fileRef = D9CEF96B1FEAB24D0040FA7F /* UserFooterCell.swift */; };
/* End PBXBuildFile section */

/* Begin PBXFileReference section */
		0F48F2F8A4DEFA0A120891DF /* Pods-Independent Study App.debug.xcconfig */ = {isa = PBXFileReference; includeInIndex = 1; lastKnownFileType = text.xcconfig; name = "Pods-Independent Study App.debug.xcconfig"; path = "Pods/Target Support Files/Pods-Independent Study App/Pods-Independent Study App.debug.xcconfig"; sourceTree = "<group>"; };
		D913A4C81FFD27150030D1D6 /* DataExample.swift */ = {isa = PBXFileReference; lastKnownFileType = sourcecode.swift; path = DataExample.swift; sourceTree = "<group>"; };
		D92D202C1FE9A3160019F9BD /* UserDatasourceController.swift */ = {isa = PBXFileReference; lastKnownFileType = sourcecode.swift; path = UserDatasourceController.swift; sourceTree = "<group>"; };
		D92D202E1FE9A32B0019F9BD /* UserDatasource.swift */ = {isa = PBXFileReference; lastKnownFileType = sourcecode.swift; path = UserDatasource.swift; sourceTree = "<group>"; };
		D92D20311FEAA5540019F9BD /* Util.swift */ = {isa = PBXFileReference; lastKnownFileType = sourcecode.swift; path = Util.swift; sourceTree = "<group>"; };
		D93011E61FD592FF00A0BCD9 /* Independent Study App.app */ = {isa = PBXFileReference; explicitFileType = wrapper.application; includeInIndex = 0; path = "Independent Study App.app"; sourceTree = BUILT_PRODUCTS_DIR; };
		D93011E91FD5930000A0BCD9 /* AppDelegate.swift */ = {isa = PBXFileReference; lastKnownFileType = sourcecode.swift; path = AppDelegate.swift; sourceTree = "<group>"; };
		D93011F31FD5930000A0BCD9 /* Assets.xcassets */ = {isa = PBXFileReference; lastKnownFileType = folder.assetcatalog; path = Assets.xcassets; sourceTree = "<group>"; };
		D93011F81FD5930000A0BCD9 /* Info.plist */ = {isa = PBXFileReference; lastKnownFileType = text.plist.xml; path = Info.plist; sourceTree = "<group>"; };
		D94A546D1FED835E00E50A2C /* SearchDatasourceController.swift */ = {isa = PBXFileReference; lastKnownFileType = sourcecode.swift; path = SearchDatasourceController.swift; sourceTree = "<group>"; };
		D94A546F1FED837200E50A2C /* SearchDatasource.swift */ = {isa = PBXFileReference; lastKnownFileType = sourcecode.swift; path = SearchDatasource.swift; sourceTree = "<group>"; };
		D94A54711FED839400E50A2C /* SearchCell.swift */ = {isa = PBXFileReference; lastKnownFileType = sourcecode.swift; path = SearchCell.swift; sourceTree = "<group>"; };
		D94A54731FED83A500E50A2C /* SearchHeaderCell.swift */ = {isa = PBXFileReference; lastKnownFileType = sourcecode.swift; path = SearchHeaderCell.swift; sourceTree = "<group>"; };
		D94A54751FED83CD00E50A2C /* SearchFooterCell.swift */ = {isa = PBXFileReference; lastKnownFileType = sourcecode.swift; path = SearchFooterCell.swift; sourceTree = "<group>"; };
		D94A54771FED844A00E50A2C /* CreatePostCell.swift */ = {isa = PBXFileReference; lastKnownFileType = sourcecode.swift; path = CreatePostCell.swift; sourceTree = "<group>"; };
		D94A54791FED846300E50A2C /* CreatePostHeaderCell.swift */ = {isa = PBXFileReference; lastKnownFileType = sourcecode.swift; path = CreatePostHeaderCell.swift; sourceTree = "<group>"; };
		D94A547B1FED847A00E50A2C /* CreatePostFooterCell.swift */ = {isa = PBXFileReference; lastKnownFileType = sourcecode.swift; path = CreatePostFooterCell.swift; sourceTree = "<group>"; };
		D94A547D1FED849400E50A2C /* CreatePostDatasource.swift */ = {isa = PBXFileReference; lastKnownFileType = sourcecode.swift; path = CreatePostDatasource.swift; sourceTree = "<group>"; };
		D94A547F1FED84BB00E50A2C /* CreatePostDatasourceController.swift */ = {isa = PBXFileReference; lastKnownFileType = sourcecode.swift; path = CreatePostDatasourceController.swift; sourceTree = "<group>"; };
		D94A54811FED850400E50A2C /* ProfileCell.swift */ = {isa = PBXFileReference; lastKnownFileType = sourcecode.swift; path = ProfileCell.swift; sourceTree = "<group>"; };
		D94A54831FED851200E50A2C /* ProfileHeaderCell.swift */ = {isa = PBXFileReference; lastKnownFileType = sourcecode.swift; path = ProfileHeaderCell.swift; sourceTree = "<group>"; };
		D94A54851FED852600E50A2C /* ProfileFooterCell.swift */ = {isa = PBXFileReference; lastKnownFileType = sourcecode.swift; path = ProfileFooterCell.swift; sourceTree = "<group>"; };
		D94A54871FED853800E50A2C /* ProfileDatasource.swift */ = {isa = PBXFileReference; lastKnownFileType = sourcecode.swift; path = ProfileDatasource.swift; sourceTree = "<group>"; };
		D94A54891FED855700E50A2C /* ProfileDatasourceController.swift */ = {isa = PBXFileReference; lastKnownFileType = sourcecode.swift; path = ProfileDatasourceController.swift; sourceTree = "<group>"; };
		D95947A91FE9697400F85F3F /* Post.swift */ = {isa = PBXFileReference; lastKnownFileType = sourcecode.swift; name = Post.swift; path = "Independent Study App/View/Post.swift"; sourceTree = SOURCE_ROOT; };
		D95947AB1FE9698000F85F3F /* User.swift */ = {isa = PBXFileReference; lastKnownFileType = sourcecode.swift; path = User.swift; sourceTree = "<group>"; };
		D9658B3A1FE809C300239CD9 /* HomeDatasource.swift */ = {isa = PBXFileReference; lastKnownFileType = sourcecode.swift; path = HomeDatasource.swift; sourceTree = "<group>"; };
		D9B6C2881FE1D710002E82EC /* Launch Screen.storyboard */ = {isa = PBXFileReference; lastKnownFileType = file.storyboard; path = "Launch Screen.storyboard"; sourceTree = "<group>"; };
		D9C178A71FE1971F000EB594 /* HomeDatasourceController.swift */ = {isa = PBXFileReference; lastKnownFileType = sourcecode.swift; path = HomeDatasourceController.swift; sourceTree = "<group>"; };
		D9CEF9611FEAB14E0040FA7F /* PostCell.swift */ = {isa = PBXFileReference; lastKnownFileType = sourcecode.swift; path = PostCell.swift; sourceTree = "<group>"; };
		D9CEF9631FEAB15E0040FA7F /* HomeHeaderCell.swift */ = {isa = PBXFileReference; lastKnownFileType = sourcecode.swift; path = HomeHeaderCell.swift; sourceTree = "<group>"; };
		D9CEF9651FEAB16A0040FA7F /* HomeFooterCell.swift */ = {isa = PBXFileReference; lastKnownFileType = sourcecode.swift; path = HomeFooterCell.swift; sourceTree = "<group>"; };
		D9CEF9671FEAB2250040FA7F /* UserCell.swift */ = {isa = PBXFileReference; lastKnownFileType = sourcecode.swift; path = UserCell.swift; sourceTree = "<group>"; };
		D9CEF9691FEAB23A0040FA7F /* UserHeaderCell.swift */ = {isa = PBXFileReference; lastKnownFileType = sourcecode.swift; path = UserHeaderCell.swift; sourceTree = "<group>"; };
		D9CEF96B1FEAB24D0040FA7F /* UserFooterCell.swift */ = {isa = PBXFileReference; lastKnownFileType = sourcecode.swift; path = UserFooterCell.swift; sourceTree = "<group>"; };
		F4060A485F40065380E1B6DB /* Pods-Independent Study App.release.xcconfig */ = {isa = PBXFileReference; includeInIndex = 1; lastKnownFileType = text.xcconfig; name = "Pods-Independent Study App.release.xcconfig"; path = "Pods/Target Support Files/Pods-Independent Study App/Pods-Independent Study App.release.xcconfig"; sourceTree = "<group>"; };
		FFE2C27CFA1752C27ECF6C13 /* Pods_Independent_Study_App.framework */ = {isa = PBXFileReference; explicitFileType = wrapper.framework; includeInIndex = 0; path = Pods_Independent_Study_App.framework; sourceTree = BUILT_PRODUCTS_DIR; };
/* End PBXFileReference section */

/* Begin PBXFrameworksBuildPhase section */
		D93011E31FD592FF00A0BCD9 /* Frameworks */ = {
			isa = PBXFrameworksBuildPhase;
			buildActionMask = 2147483647;
			files = (
				50BB988FB19BC446241FE314 /* Pods_Independent_Study_App.framework in Frameworks */,
			);
			runOnlyForDeploymentPostprocessing = 0;
		};
/* End PBXFrameworksBuildPhase section */

/* Begin PBXGroup section */
		18AC4C35C76C0F4761212FE0 /* Pods */ = {
			isa = PBXGroup;
			children = (
				0F48F2F8A4DEFA0A120891DF /* Pods-Independent Study App.debug.xcconfig */,
				F4060A485F40065380E1B6DB /* Pods-Independent Study App.release.xcconfig */,
			);
			name = Pods;
			sourceTree = "<group>";
		};
		C9779958C1B53B3C59DE3C02 /* Frameworks */ = {
			isa = PBXGroup;
			children = (
				FFE2C27CFA1752C27ECF6C13 /* Pods_Independent_Study_App.framework */,
			);
			name = Frameworks;
			sourceTree = "<group>";
		};
		D92D20301FEAA5440019F9BD /* Util */ = {
			isa = PBXGroup;
			children = (
				D92D20311FEAA5540019F9BD /* Util.swift */,
			);
			path = Util;
			sourceTree = "<group>";
		};
		D93011DD1FD592FF00A0BCD9 = {
			isa = PBXGroup;
			children = (
				D93011E81FD592FF00A0BCD9 /* Independent Study App */,
				D93011E71FD592FF00A0BCD9 /* Products */,
				18AC4C35C76C0F4761212FE0 /* Pods */,
				C9779958C1B53B3C59DE3C02 /* Frameworks */,
			);
			sourceTree = "<group>";
		};
		D93011E71FD592FF00A0BCD9 /* Products */ = {
			isa = PBXGroup;
			children = (
				D93011E61FD592FF00A0BCD9 /* Independent Study App.app */,
			);
			name = Products;
			sourceTree = "<group>";
		};
		D93011E81FD592FF00A0BCD9 /* Independent Study App */ = {
			isa = PBXGroup;
			children = (
				D92D20301FEAA5440019F9BD /* Util */,
				D9658B381FE8092800239CD9 /* View */,
				D9658B371FE808D800239CD9 /* Model */,
				D9658B391FE8093800239CD9 /* Controller */,
				D93011E91FD5930000A0BCD9 /* AppDelegate.swift */,
				D93011F31FD5930000A0BCD9 /* Assets.xcassets */,
				D9B6C2881FE1D710002E82EC /* Launch Screen.storyboard */,
				D93011F81FD5930000A0BCD9 /* Info.plist */,
			);
			path = "Independent Study App";
			sourceTree = "<group>";
		};
		D9658B371FE808D800239CD9 /* Model */ = {
			isa = PBXGroup;
			children = (
				D9658B3A1FE809C300239CD9 /* HomeDatasource.swift */,
				D92D202E1FE9A32B0019F9BD /* UserDatasource.swift */,
				D94A546F1FED837200E50A2C /* SearchDatasource.swift */,
				D94A547D1FED849400E50A2C /* CreatePostDatasource.swift */,
				D94A54871FED853800E50A2C /* ProfileDatasource.swift */,
				D95947A91FE9697400F85F3F /* Post.swift */,
				D95947AB1FE9698000F85F3F /* User.swift */,
				D913A4C81FFD27150030D1D6 /* DataExample.swift */,
			);
			path = Model;
			sourceTree = "<group>";
		};
		D9658B381FE8092800239CD9 /* View */ = {
			isa = PBXGroup;
			children = (
				D9CEF9611FEAB14E0040FA7F /* PostCell.swift */,
				D9CEF9631FEAB15E0040FA7F /* HomeHeaderCell.swift */,
				D9CEF9651FEAB16A0040FA7F /* HomeFooterCell.swift */,
				D9CEF9671FEAB2250040FA7F /* UserCell.swift */,
				D9CEF9691FEAB23A0040FA7F /* UserHeaderCell.swift */,
				D9CEF96B1FEAB24D0040FA7F /* UserFooterCell.swift */,
				D94A54711FED839400E50A2C /* SearchCell.swift */,
				D94A54731FED83A500E50A2C /* SearchHeaderCell.swift */,
				D94A54751FED83CD00E50A2C /* SearchFooterCell.swift */,
				D94A54771FED844A00E50A2C /* CreatePostCell.swift */,
				D94A54791FED846300E50A2C /* CreatePostHeaderCell.swift */,
				D94A547B1FED847A00E50A2C /* CreatePostFooterCell.swift */,
				D94A54811FED850400E50A2C /* ProfileCell.swift */,
				D94A54831FED851200E50A2C /* ProfileHeaderCell.swift */,
				D94A54851FED852600E50A2C /* ProfileFooterCell.swift */,
			);
			path = View;
			sourceTree = "<group>";
		};
		D9658B391FE8093800239CD9 /* Controller */ = {
			isa = PBXGroup;
			children = (
				D9C178A71FE1971F000EB594 /* HomeDatasourceController.swift */,
				D92D202C1FE9A3160019F9BD /* UserDatasourceController.swift */,
				D94A546D1FED835E00E50A2C /* SearchDatasourceController.swift */,
				D94A547F1FED84BB00E50A2C /* CreatePostDatasourceController.swift */,
				D94A54891FED855700E50A2C /* ProfileDatasourceController.swift */,
			);
			path = Controller;
			sourceTree = "<group>";
		};
/* End PBXGroup section */

/* Begin PBXNativeTarget section */
		D93011E51FD592FF00A0BCD9 /* Independent Study App */ = {
			isa = PBXNativeTarget;
			buildConfigurationList = D93011FB1FD5930000A0BCD9 /* Build configuration list for PBXNativeTarget "Independent Study App" */;
			buildPhases = (
				C37CDB5780147FDD88992DC6 /* [CP] Check Pods Manifest.lock */,
				D93011E21FD592FF00A0BCD9 /* Sources */,
				D93011E31FD592FF00A0BCD9 /* Frameworks */,
				D93011E41FD592FF00A0BCD9 /* Resources */,
				4F963A9F009245ADC04D9E3D /* [CP] Embed Pods Frameworks */,
				17B062A634AA6FCEBA73C004 /* [CP] Copy Pods Resources */,
			);
			buildRules = (
			);
			dependencies = (
			);
			name = "Independent Study App";
			productName = "Independent Study App";
			productReference = D93011E61FD592FF00A0BCD9 /* Independent Study App.app */;
			productType = "com.apple.product-type.application";
		};
/* End PBXNativeTarget section */

/* Begin PBXProject section */
		D93011DE1FD592FF00A0BCD9 /* Project object */ = {
			isa = PBXProject;
			attributes = {
				LastSwiftUpdateCheck = 0910;
				LastUpgradeCheck = 0910;
				ORGANIZATIONNAME = "Malcolm Machesky";
				TargetAttributes = {
					D93011E51FD592FF00A0BCD9 = {
						CreatedOnToolsVersion = 9.1;
						ProvisioningStyle = Automatic;
					};
				};
			};
			buildConfigurationList = D93011E11FD592FF00A0BCD9 /* Build configuration list for PBXProject "Independent Study App" */;
			compatibilityVersion = "Xcode 8.0";
			developmentRegion = en;
			hasScannedForEncodings = 0;
			knownRegions = (
				en,
				Base,
			);
			mainGroup = D93011DD1FD592FF00A0BCD9;
			productRefGroup = D93011E71FD592FF00A0BCD9 /* Products */;
			projectDirPath = "";
			projectRoot = "";
			targets = (
				D93011E51FD592FF00A0BCD9 /* Independent Study App */,
			);
		};
/* End PBXProject section */

/* Begin PBXResourcesBuildPhase section */
		D93011E41FD592FF00A0BCD9 /* Resources */ = {
			isa = PBXResourcesBuildPhase;
			buildActionMask = 2147483647;
			files = (
				D9B6C2891FE1D710002E82EC /* Launch Screen.storyboard in Resources */,
				D93011F41FD5930000A0BCD9 /* Assets.xcassets in Resources */,
			);
			runOnlyForDeploymentPostprocessing = 0;
		};
/* End PBXResourcesBuildPhase section */

/* Begin PBXShellScriptBuildPhase section */
		17B062A634AA6FCEBA73C004 /* [CP] Copy Pods Resources */ = {
			isa = PBXShellScriptBuildPhase;
			buildActionMask = 2147483647;
			files = (
			);
			inputPaths = (
			);
			name = "[CP] Copy Pods Resources";
			outputPaths = (
			);
			runOnlyForDeploymentPostprocessing = 0;
			shellPath = /bin/sh;
			shellScript = "\"${SRCROOT}/Pods/Target Support Files/Pods-Independent Study App/Pods-Independent Study App-resources.sh\"\n";
			showEnvVarsInLog = 0;
		};
		4F963A9F009245ADC04D9E3D /* [CP] Embed Pods Frameworks */ = {
			isa = PBXShellScriptBuildPhase;
			buildActionMask = 2147483647;
			files = (
			);
			inputPaths = (
				"${SRCROOT}/Pods/Target Support Files/Pods-Independent Study App/Pods-Independent Study App-frameworks.sh",
				"${BUILT_PRODUCTS_DIR}/LBTAComponents/LBTAComponents.framework",
			);
			name = "[CP] Embed Pods Frameworks";
			outputPaths = (
				"${TARGET_BUILD_DIR}/${FRAMEWORKS_FOLDER_PATH}/LBTAComponents.framework",
			);
			runOnlyForDeploymentPostprocessing = 0;
			shellPath = /bin/sh;
			shellScript = "\"${SRCROOT}/Pods/Target Support Files/Pods-Independent Study App/Pods-Independent Study App-frameworks.sh\"\n";
			showEnvVarsInLog = 0;
		};
		C37CDB5780147FDD88992DC6 /* [CP] Check Pods Manifest.lock */ = {
			isa = PBXShellScriptBuildPhase;
			buildActionMask = 2147483647;
			files = (
			);
			inputPaths = (
				"${PODS_PODFILE_DIR_PATH}/Podfile.lock",
				"${PODS_ROOT}/Manifest.lock",
			);
			name = "[CP] Check Pods Manifest.lock";
			outputPaths = (
				"$(DERIVED_FILE_DIR)/Pods-Independent Study App-checkManifestLockResult.txt",
			);
			runOnlyForDeploymentPostprocessing = 0;
			shellPath = /bin/sh;
			shellScript = "diff \"${PODS_PODFILE_DIR_PATH}/Podfile.lock\" \"${PODS_ROOT}/Manifest.lock\" > /dev/null\nif [ $? != 0 ] ; then\n    # print error to STDERR\n    echo \"error: The sandbox is not in sync with the Podfile.lock. Run 'pod install' or update your CocoaPods installation.\" >&2\n    exit 1\nfi\n# This output is used by Xcode 'outputs' to avoid re-running this script phase.\necho \"SUCCESS\" > \"${SCRIPT_OUTPUT_FILE_0}\"\n";
			showEnvVarsInLog = 0;
		};
/* End PBXShellScriptBuildPhase section */

/* Begin PBXSourcesBuildPhase section */
		D93011E21FD592FF00A0BCD9 /* Sources */ = {
			isa = PBXSourcesBuildPhase;
			buildActionMask = 2147483647;
			files = (
				D913A4C91FFD27150030D1D6 /* DataExample.swift in Sources */,
				D9658B3B1FE809C300239CD9 /* HomeDatasource.swift in Sources */,
				D9CEF9641FEAB15E0040FA7F /* HomeHeaderCell.swift in Sources */,
				D92D20321FEAA5540019F9BD /* Util.swift in Sources */,
				D94A54841FED851200E50A2C /* ProfileHeaderCell.swift in Sources */,
				D94A547C1FED847A00E50A2C /* CreatePostFooterCell.swift in Sources */,
				D9CEF96C1FEAB24D0040FA7F /* UserFooterCell.swift in Sources */,
				D94A54801FED84BB00E50A2C /* CreatePostDatasourceController.swift in Sources */,
				D92D202F1FE9A32B0019F9BD /* UserDatasource.swift in Sources */,
				D92D202D1FE9A3160019F9BD /* UserDatasourceController.swift in Sources */,
				D94A54881FED853800E50A2C /* ProfileDatasource.swift in Sources */,
				D94A54761FED83CD00E50A2C /* SearchFooterCell.swift in Sources */,
				D95947AC1FE9698000F85F3F /* User.swift in Sources */,
				D94A548A1FED855700E50A2C /* ProfileDatasourceController.swift in Sources */,
				D9C178A81FE1971F000EB594 /* HomeDatasourceController.swift in Sources */,
				D93011EA1FD5930000A0BCD9 /* AppDelegate.swift in Sources */,
				D9CEF96A1FEAB23A0040FA7F /* UserHeaderCell.swift in Sources */,
				D94A54821FED850400E50A2C /* ProfileCell.swift in Sources */,
				D94A546E1FED835E00E50A2C /* SearchDatasourceController.swift in Sources */,
				D94A54741FED83A500E50A2C /* SearchHeaderCell.swift in Sources */,
				D9CEF9681FEAB2250040FA7F /* UserCell.swift in Sources */,
				D94A547A1FED846300E50A2C /* CreatePostHeaderCell.swift in Sources */,
				D95947AA1FE9697400F85F3F /* Post.swift in Sources */,
				D94A54781FED844A00E50A2C /* CreatePostCell.swift in Sources */,
				D94A547E1FED849400E50A2C /* CreatePostDatasource.swift in Sources */,
				D94A54721FED839400E50A2C /* SearchCell.swift in Sources */,
				D94A54701FED837200E50A2C /* SearchDatasource.swift in Sources */,
				D9CEF9621FEAB14E0040FA7F /* PostCell.swift in Sources */,
				D9CEF9661FEAB16A0040FA7F /* HomeFooterCell.swift in Sources */,
				D94A54861FED852600E50A2C /* ProfileFooterCell.swift in Sources */,
			);
			runOnlyForDeploymentPostprocessing = 0;
		};
/* End PBXSourcesBuildPhase section */

/* Begin XCBuildConfiguration section */
		D93011F91FD5930000A0BCD9 /* Debug */ = {
			isa = XCBuildConfiguration;
			buildSettings = {
				ALWAYS_SEARCH_USER_PATHS = NO;
				CLANG_ANALYZER_NONNULL = YES;
				CLANG_ANALYZER_NUMBER_OBJECT_CONVERSION = YES_AGGRESSIVE;
				CLANG_CXX_LANGUAGE_STANDARD = "gnu++14";
				CLANG_CXX_LIBRARY = "libc++";
				CLANG_ENABLE_MODULES = YES;
				CLANG_ENABLE_OBJC_ARC = YES;
				CLANG_WARN_BLOCK_CAPTURE_AUTORELEASING = YES;
				CLANG_WARN_BOOL_CONVERSION = YES;
				CLANG_WARN_COMMA = YES;
				CLANG_WARN_CONSTANT_CONVERSION = YES;
				CLANG_WARN_DIRECT_OBJC_ISA_USAGE = YES_ERROR;
				CLANG_WARN_DOCUMENTATION_COMMENTS = YES;
				CLANG_WARN_EMPTY_BODY = YES;
				CLANG_WARN_ENUM_CONVERSION = YES;
				CLANG_WARN_INFINITE_RECURSION = YES;
				CLANG_WARN_INT_CONVERSION = YES;
				CLANG_WARN_NON_LITERAL_NULL_CONVERSION = YES;
				CLANG_WARN_OBJC_LITERAL_CONVERSION = YES;
				CLANG_WARN_OBJC_ROOT_CLASS = YES_ERROR;
				CLANG_WARN_RANGE_LOOP_ANALYSIS = YES;
				CLANG_WARN_STRICT_PROTOTYPES = YES;
				CLANG_WARN_SUSPICIOUS_MOVE = YES;
				CLANG_WARN_UNGUARDED_AVAILABILITY = YES_AGGRESSIVE;
				CLANG_WARN_UNREACHABLE_CODE = YES;
				CLANG_WARN__DUPLICATE_METHOD_MATCH = YES;
				CODE_SIGN_IDENTITY = "iPhone Developer";
				COPY_PHASE_STRIP = NO;
				DEBUG_INFORMATION_FORMAT = dwarf;
				ENABLE_STRICT_OBJC_MSGSEND = YES;
				ENABLE_TESTABILITY = YES;
				GCC_C_LANGUAGE_STANDARD = gnu11;
				GCC_DYNAMIC_NO_PIC = NO;
				GCC_NO_COMMON_BLOCKS = YES;
				GCC_OPTIMIZATION_LEVEL = 0;
				GCC_PREPROCESSOR_DEFINITIONS = (
					"DEBUG=1",
					"$(inherited)",
				);
				GCC_WARN_64_TO_32_BIT_CONVERSION = YES;
				GCC_WARN_ABOUT_RETURN_TYPE = YES_ERROR;
				GCC_WARN_UNDECLARED_SELECTOR = YES;
				GCC_WARN_UNINITIALIZED_AUTOS = YES_AGGRESSIVE;
				GCC_WARN_UNUSED_FUNCTION = YES;
				GCC_WARN_UNUSED_VARIABLE = YES;
				IPHONEOS_DEPLOYMENT_TARGET = 11.1;
				MTL_ENABLE_DEBUG_INFO = YES;
				ONLY_ACTIVE_ARCH = YES;
				SDKROOT = iphoneos;
				SWIFT_ACTIVE_COMPILATION_CONDITIONS = DEBUG;
				SWIFT_OPTIMIZATION_LEVEL = "-Onone";
			};
			name = Debug;
		};
		D93011FA1FD5930000A0BCD9 /* Release */ = {
			isa = XCBuildConfiguration;
			buildSettings = {
				ALWAYS_SEARCH_USER_PATHS = NO;
				CLANG_ANALYZER_NONNULL = YES;
				CLANG_ANALYZER_NUMBER_OBJECT_CONVERSION = YES_AGGRESSIVE;
				CLANG_CXX_LANGUAGE_STANDARD = "gnu++14";
				CLANG_CXX_LIBRARY = "libc++";
				CLANG_ENABLE_MODULES = YES;
				CLANG_ENABLE_OBJC_ARC = YES;
				CLANG_WARN_BLOCK_CAPTURE_AUTORELEASING = YES;
				CLANG_WARN_BOOL_CONVERSION = YES;
				CLANG_WARN_COMMA = YES;
				CLANG_WARN_CONSTANT_CONVERSION = YES;
				CLANG_WARN_DIRECT_OBJC_ISA_USAGE = YES_ERROR;
				CLANG_WARN_DOCUMENTATION_COMMENTS = YES;
				CLANG_WARN_EMPTY_BODY = YES;
				CLANG_WARN_ENUM_CONVERSION = YES;
				CLANG_WARN_INFINITE_RECURSION = YES;
				CLANG_WARN_INT_CONVERSION = YES;
				CLANG_WARN_NON_LITERAL_NULL_CONVERSION = YES;
				CLANG_WARN_OBJC_LITERAL_CONVERSION = YES;
				CLANG_WARN_OBJC_ROOT_CLASS = YES_ERROR;
				CLANG_WARN_RANGE_LOOP_ANALYSIS = YES;
				CLANG_WARN_STRICT_PROTOTYPES = YES;
				CLANG_WARN_SUSPICIOUS_MOVE = YES;
				CLANG_WARN_UNGUARDED_AVAILABILITY = YES_AGGRESSIVE;
				CLANG_WARN_UNREACHABLE_CODE = YES;
				CLANG_WARN__DUPLICATE_METHOD_MATCH = YES;
				CODE_SIGN_IDENTITY = "iPhone Developer";
				COPY_PHASE_STRIP = NO;
				DEBUG_INFORMATION_FORMAT = "dwarf-with-dsym";
				ENABLE_NS_ASSERTIONS = NO;
				ENABLE_STRICT_OBJC_MSGSEND = YES;
				GCC_C_LANGUAGE_STANDARD = gnu11;
				GCC_NO_COMMON_BLOCKS = YES;
				GCC_WARN_64_TO_32_BIT_CONVERSION = YES;
				GCC_WARN_ABOUT_RETURN_TYPE = YES_ERROR;
				GCC_WARN_UNDECLARED_SELECTOR = YES;
				GCC_WARN_UNINITIALIZED_AUTOS = YES_AGGRESSIVE;
				GCC_WARN_UNUSED_FUNCTION = YES;
				GCC_WARN_UNUSED_VARIABLE = YES;
				IPHONEOS_DEPLOYMENT_TARGET = 11.1;
				MTL_ENABLE_DEBUG_INFO = NO;
				SDKROOT = iphoneos;
				SWIFT_OPTIMIZATION_LEVEL = "-Owholemodule";
				VALIDATE_PRODUCT = YES;
			};
			name = Release;
		};
		D93011FC1FD5930000A0BCD9 /* Debug */ = {
			isa = XCBuildConfiguration;
			baseConfigurationReference = 0F48F2F8A4DEFA0A120891DF /* Pods-Independent Study App.debug.xcconfig */;
			buildSettings = {
				ASSETCATALOG_COMPILER_APPICON_NAME = AppIcon;
				CODE_SIGN_STYLE = Automatic;
				DEVELOPMENT_TEAM = C898Z78FP7;
				INFOPLIST_FILE = "Independent Study App/Info.plist";
				LD_RUNPATH_SEARCH_PATHS = "$(inherited) @executable_path/Frameworks";
				PRODUCT_BUNDLE_IDENTIFIER = "malcolm.Independent-Study-App";
				PRODUCT_NAME = "$(TARGET_NAME)";
				SWIFT_VERSION = 4.0;
				TARGETED_DEVICE_FAMILY = 1;
			};
			name = Debug;
		};
		D93011FD1FD5930000A0BCD9 /* Release */ = {
			isa = XCBuildConfiguration;
			baseConfigurationReference = F4060A485F40065380E1B6DB /* Pods-Independent Study App.release.xcconfig */;
			buildSettings = {
				ASSETCATALOG_COMPILER_APPICON_NAME = AppIcon;
				CODE_SIGN_STYLE = Automatic;
				DEVELOPMENT_TEAM = C898Z78FP7;
				INFOPLIST_FILE = "Independent Study App/Info.plist";
				LD_RUNPATH_SEARCH_PATHS = "$(inherited) @executable_path/Frameworks";
				PRODUCT_BUNDLE_IDENTIFIER = "malcolm.Independent-Study-App";
				PRODUCT_NAME = "$(TARGET_NAME)";
				SWIFT_VERSION = 4.0;
				TARGETED_DEVICE_FAMILY = 1;
			};
			name = Release;
		};
/* End XCBuildConfiguration section */

/* Begin XCConfigurationList section */
		D93011E11FD592FF00A0BCD9 /* Build configuration list for PBXProject "Independent Study App" */ = {
			isa = XCConfigurationList;
			buildConfigurations = (
				D93011F91FD5930000A0BCD9 /* Debug */,
				D93011FA1FD5930000A0BCD9 /* Release */,
			);
			defaultConfigurationIsVisible = 0;
			defaultConfigurationName = Release;
		};
		D93011FB1FD5930000A0BCD9 /* Build configuration list for PBXNativeTarget "Independent Study App" */ = {
			isa = XCConfigurationList;
			buildConfigurations = (
				D93011FC1FD5930000A0BCD9 /* Debug */,
				D93011FD1FD5930000A0BCD9 /* Release */,
			);
			defaultConfigurationIsVisible = 0;
			defaultConfigurationName = Release;
		};
/* End XCConfigurationList section */
	};
	rootObject = D93011DE1FD592FF00A0BCD9 /* Project object */;
}
